// !$*UTF8*$!
{
	archiveVersion = 1;
	classes = {
	};
	objectVersion = 48;
	objects = {

/* Begin PBXBuildFile section */
		B72C16EE20622FF5005CB1AF /* steve_jobs.jpg in Resources */ = {isa = PBXBuildFile; fileRef = B72C16EC20622FF5005CB1AF /* steve_jobs.jpg */; };
		B72C16EF20622FF5005CB1AF /* bill_gates.jpg in Resources */ = {isa = PBXBuildFile; fileRef = B72C16ED20622FF5005CB1AF /* bill_gates.jpg */; };
		B72C16F2206232AB005CB1AF /* BookCell.swift in Sources */ = {isa = PBXBuildFile; fileRef = B72C16F1206232AB005CB1AF /* BookCell.swift */; };
		B7551571206CAC500050C98E /* BookPagerController.swift in Sources */ = {isa = PBXBuildFile; fileRef = B7551570206CAC500050C98E /* BookPagerController.swift */; };
		B7E1BBB6206CC9CF00159F9F /* PageCell.swift in Sources */ = {isa = PBXBuildFile; fileRef = B7E1BBB5206CC9CF00159F9F /* PageCell.swift */; };
		B7E1BBB8206CDC1600159F9F /* Contents.json in Resources */ = {isa = PBXBuildFile; fileRef = B7E1BBB7206CDC1600159F9F /* Contents.json */; };
		B7E629AA206206090034BB75 /* AppDelegate.swift in Sources */ = {isa = PBXBuildFile; fileRef = B7E629A9206206090034BB75 /* AppDelegate.swift */; };
		B7E629AC206206090034BB75 /* ViewController.swift in Sources */ = {isa = PBXBuildFile; fileRef = B7E629AB206206090034BB75 /* ViewController.swift */; };
		B7E629AF206206090034BB75 /* Main.storyboard in Resources */ = {isa = PBXBuildFile; fileRef = B7E629AD206206090034BB75 /* Main.storyboard */; };
		B7E629B1206206090034BB75 /* Assets.xcassets in Resources */ = {isa = PBXBuildFile; fileRef = B7E629B0206206090034BB75 /* Assets.xcassets */; };
		B7E629B4206206090034BB75 /* LaunchScreen.storyboard in Resources */ = {isa = PBXBuildFile; fileRef = B7E629B2206206090034BB75 /* LaunchScreen.storyboard */; };
		B7E629BC206206C90034BB75 /* Book.swift in Sources */ = {isa = PBXBuildFile; fileRef = B7E629BB206206C90034BB75 /* Book.swift */; };
		B7E629BE206207E20034BB75 /* Page.swift in Sources */ = {isa = PBXBuildFile; fileRef = B7E629BD206207E20034BB75 /* Page.swift */; };
/* End PBXBuildFile section */

/* Begin PBXFileReference section */
		B72C16EC20622FF5005CB1AF /* steve_jobs.jpg */ = {isa = PBXFileReference; lastKnownFileType = image.jpeg; path = steve_jobs.jpg; sourceTree = "<group>"; };
		B72C16ED20622FF5005CB1AF /* bill_gates.jpg */ = {isa = PBXFileReference; lastKnownFileType = image.jpeg; path = bill_gates.jpg; sourceTree = "<group>"; };
		B72C16F1206232AB005CB1AF /* BookCell.swift */ = {isa = PBXFileReference; lastKnownFileType = sourcecode.swift; path = BookCell.swift; sourceTree = "<group>"; };
		B7551570206CAC500050C98E /* BookPagerController.swift */ = {isa = PBXFileReference; lastKnownFileType = sourcecode.swift; path = BookPagerController.swift; sourceTree = "<group>"; };
		B7E1BBB5206CC9CF00159F9F /* PageCell.swift */ = {isa = PBXFileReference; lastKnownFileType = sourcecode.swift; path = PageCell.swift; sourceTree = "<group>"; };
		B7E1BBB7206CDC1600159F9F /* Contents.json */ = {isa = PBXFileReference; fileEncoding = 4; lastKnownFileType = text.json; path = Contents.json; sourceTree = "<group>"; };
		B7E629A6206206090034BB75 /* KindleApp.app */ = {isa = PBXFileReference; explicitFileType = wrapper.application; includeInIndex = 0; path = KindleApp.app; sourceTree = BUILT_PRODUCTS_DIR; };
		B7E629A9206206090034BB75 /* AppDelegate.swift */ = {isa = PBXFileReference; lastKnownFileType = sourcecode.swift; path = AppDelegate.swift; sourceTree = "<group>"; };
		B7E629AB206206090034BB75 /* ViewController.swift */ = {isa = PBXFileReference; lastKnownFileType = sourcecode.swift; path = ViewController.swift; sourceTree = "<group>"; };
		B7E629AE206206090034BB75 /* Base */ = {isa = PBXFileReference; lastKnownFileType = file.storyboard; name = Base; path = Base.lproj/Main.storyboard; sourceTree = "<group>"; };
		B7E629B0206206090034BB75 /* Assets.xcassets */ = {isa = PBXFileReference; lastKnownFileType = folder.assetcatalog; path = Assets.xcassets; sourceTree = "<group>"; };
		B7E629B3206206090034BB75 /* Base */ = {isa = PBXFileReference; lastKnownFileType = file.storyboard; name = Base; path = Base.lproj/LaunchScreen.storyboard; sourceTree = "<group>"; };
		B7E629B5206206090034BB75 /* Info.plist */ = {isa = PBXFileReference; lastKnownFileType = text.plist.xml; path = Info.plist; sourceTree = "<group>"; };
		B7E629BB206206C90034BB75 /* Book.swift */ = {isa = PBXFileReference; lastKnownFileType = sourcecode.swift; path = Book.swift; sourceTree = "<group>"; };
		B7E629BD206207E20034BB75 /* Page.swift */ = {isa = PBXFileReference; lastKnownFileType = sourcecode.swift; path = Page.swift; sourceTree = "<group>"; };
/* End PBXFileReference section */

/* Begin PBXFrameworksBuildPhase section */
		B7E629A3206206090034BB75 /* Frameworks */ = {
			isa = PBXFrameworksBuildPhase;
			buildActionMask = 2147483647;
			files = (
			);
			runOnlyForDeploymentPostprocessing = 0;
		};
/* End PBXFrameworksBuildPhase section */

/* Begin PBXGroup section */
		B72C16F020623001005CB1AF /* Assets */ = {
			isa = PBXGroup;
			children = (
				B7E1BBB7206CDC1600159F9F /* Contents.json */,
				B72C16ED20622FF5005CB1AF /* bill_gates.jpg */,
				B72C16EC20622FF5005CB1AF /* steve_jobs.jpg */,
			);
			path = Assets;
			sourceTree = "<group>";
		};
		B7E6299D206206090034BB75 = {
			isa = PBXGroup;
			children = (
				B7E629A8206206090034BB75 /* KindleApp */,
				B7E629A7206206090034BB75 /* Products */,
			);
			sourceTree = "<group>";
		};
		B7E629A7206206090034BB75 /* Products */ = {
			isa = PBXGroup;
			children = (
				B7E629A6206206090034BB75 /* KindleApp.app */,
			);
			name = Products;
			sourceTree = "<group>";
		};
		B7E629A8206206090034BB75 /* KindleApp */ = {
			isa = PBXGroup;
			children = (
				B7E629AB206206090034BB75 /* ViewController.swift */,
				B7551570206CAC500050C98E /* BookPagerController.swift */,
				B7E1BBB5206CC9CF00159F9F /* PageCell.swift */,
				B72C16F020623001005CB1AF /* Assets */,
				B7E629A9206206090034BB75 /* AppDelegate.swift */,
				B7E629AD206206090034BB75 /* Main.storyboard */,
				B7E629B0206206090034BB75 /* Assets.xcassets */,
				B7E629B2206206090034BB75 /* LaunchScreen.storyboard */,
				B7E629B5206206090034BB75 /* Info.plist */,
				B7E629BF206207EB0034BB75 /* Models */,
			);
			path = KindleApp;
			sourceTree = "<group>";
		};
		B7E629BF206207EB0034BB75 /* Models */ = {
			isa = PBXGroup;
			children = (
				B72C16F1206232AB005CB1AF /* BookCell.swift */,
				B7E629BB206206C90034BB75 /* Book.swift */,
				B7E629BD206207E20034BB75 /* Page.swift */,
			);
			path = Models;
			sourceTree = "<group>";
		};
/* End PBXGroup section */

/* Begin PBXNativeTarget section */
		B7E629A5206206090034BB75 /* KindleApp */ = {
			isa = PBXNativeTarget;
			buildConfigurationList = B7E629B8206206090034BB75 /* Build configuration list for PBXNativeTarget "KindleApp" */;
			buildPhases = (
				B7E629A2206206090034BB75 /* Sources */,
				B7E629A3206206090034BB75 /* Frameworks */,
				B7E629A4206206090034BB75 /* Resources */,
			);
			buildRules = (
			);
			dependencies = (
			);
			name = KindleApp;
			productName = KindleApp;
			productReference = B7E629A6206206090034BB75 /* KindleApp.app */;
			productType = "com.apple.product-type.application";
		};
/* End PBXNativeTarget section */

/* Begin PBXProject section */
		B7E6299E206206090034BB75 /* Project object */ = {
			isa = PBXProject;
			attributes = {
				LastSwiftUpdateCheck = 0920;
				LastUpgradeCheck = 0920;
				ORGANIZATIONNAME = "Irma Blanco";
				TargetAttributes = {
					B7E629A5206206090034BB75 = {
						CreatedOnToolsVersion = 9.2;
						ProvisioningStyle = Automatic;
					};
				};
			};
			buildConfigurationList = B7E629A1206206090034BB75 /* Build configuration list for PBXProject "KindleApp" */;
			compatibilityVersion = "Xcode 8.0";
			developmentRegion = en;
			hasScannedForEncodings = 0;
			knownRegions = (
				en,
				Base,
			);
			mainGroup = B7E6299D206206090034BB75;
			productRefGroup = B7E629A7206206090034BB75 /* Products */;
			projectDirPath = "";
			projectRoot = "";
			targets = (
				B7E629A5206206090034BB75 /* KindleApp */,
			);
		};
/* End PBXProject section */

/* Begin PBXResourcesBuildPhase section */
		B7E629A4206206090034BB75 /* Resources */ = {
			isa = PBXResourcesBuildPhase;
			buildActionMask = 2147483647;
			files = (
				B7E629B4206206090034BB75 /* LaunchScreen.storyboard in Resources */,
				B72C16EE20622FF5005CB1AF /* steve_jobs.jpg in Resources */,
				B7E629B1206206090034BB75 /* Assets.xcassets in Resources */,
				B72C16EF20622FF5005CB1AF /* bill_gates.jpg in Resources */,
				B7E629AF206206090034BB75 /* Main.storyboard in Resources */,
				B7E1BBB8206CDC1600159F9F /* Contents.json in Resources */,
			);
			runOnlyForDeploymentPostprocessing = 0;
		};
/* End PBXResourcesBuildPhase section */

/* Begin PBXSourcesBuildPhase section */
		B7E629A2206206090034BB75 /* Sources */ = {
			isa = PBXSourcesBuildPhase;
			buildActionMask = 2147483647;
			files = (
				B7551571206CAC500050C98E /* BookPagerController.swift in Sources */,
				B7E629AC206206090034BB75 /* ViewController.swift in Sources */,
				B7E629AA206206090034BB75 /* AppDelegate.swift in Sources */,
				B7E629BE206207E20034BB75 /* Page.swift in Sources */,
				B7E629BC206206C90034BB75 /* Book.swift in Sources */,
				B72C16F2206232AB005CB1AF /* BookCell.swift in Sources */,
				B7E1BBB6206CC9CF00159F9F /* PageCell.swift in Sources */,
			);
			runOnlyForDeploymentPostprocessing = 0;
		};
/* End PBXSourcesBuildPhase section */

/* Begin PBXVariantGroup section */
		B7E629AD206206090034BB75 /* Main.storyboard */ = {
			isa = PBXVariantGroup;
			children = (
				B7E629AE206206090034BB75 /* Base */,
			);
			name = Main.storyboard;
			sourceTree = "<group>";
		};
		B7E629B2206206090034BB75 /* LaunchScreen.storyboard */ = {
			isa = PBXVariantGroup;
			children = (
				B7E629B3206206090034BB75 /* Base */,
			);
			name = LaunchScreen.storyboard;
			sourceTree = "<group>";
		};
/* End PBXVariantGroup section */

/* Begin XCBuildConfiguration section */
		B7E629B6206206090034BB75 /* Debug */ = {
			isa = XCBuildConfiguration;
			buildSettings = {
				ALWAYS_SEARCH_USER_PATHS = NO;
				CLANG_ANALYZER_NONNULL = YES;
				CLANG_ANALYZER_NUMBER_OBJECT_CONVERSION = YES_AGGRESSIVE;
				CLANG_CXX_LANGUAGE_STANDARD = "gnu++14";
				CLANG_CXX_LIBRARY = "libc++";
				CLANG_ENABLE_MODULES = YES;
				CLANG_ENABLE_OBJC_ARC = YES;
				CLANG_WARN_BLOCK_CAPTURE_AUTORELEASING = YES;
				CLANG_WARN_BOOL_CONVERSION = YES;
				CLANG_WARN_COMMA = YES;
				CLANG_WARN_CONSTANT_CONVERSION = YES;
				CLANG_WARN_DIRECT_OBJC_ISA_USAGE = YES_ERROR;
				CLANG_WARN_DOCUMENTATION_COMMENTS = YES;
				CLANG_WARN_EMPTY_BODY = YES;
				CLANG_WARN_ENUM_CONVERSION = YES;
				CLANG_WARN_INFINITE_RECURSION = YES;
				CLANG_WARN_INT_CONVERSION = YES;
				CLANG_WARN_NON_LITERAL_NULL_CONVERSION = YES;
				CLANG_WARN_OBJC_LITERAL_CONVERSION = YES;
				CLANG_WARN_OBJC_ROOT_CLASS = YES_ERROR;
				CLANG_WARN_RANGE_LOOP_ANALYSIS = YES;
				CLANG_WARN_STRICT_PROTOTYPES = YES;
				CLANG_WARN_SUSPICIOUS_MOVE = YES;
				CLANG_WARN_UNGUARDED_AVAILABILITY = YES_AGGRESSIVE;
				CLANG_WARN_UNREACHABLE_CODE = YES;
				CLANG_WARN__DUPLICATE_METHOD_MATCH = YES;
				CODE_SIGN_IDENTITY = "iPhone Developer";
				COPY_PHASE_STRIP = NO;
				DEBUG_INFORMATION_FORMAT = dwarf;
				ENABLE_STRICT_OBJC_MSGSEND = YES;
				ENABLE_TESTABILITY = YES;
				GCC_C_LANGUAGE_STANDARD = gnu11;
				GCC_DYNAMIC_NO_PIC = NO;
				GCC_NO_COMMON_BLOCKS = YES;
				GCC_OPTIMIZATION_LEVEL = 0;
				GCC_PREPROCESSOR_DEFINITIONS = (
					"DEBUG=1",
					"$(inherited)",
				);
				GCC_WARN_64_TO_32_BIT_CONVERSION = YES;
				GCC_WARN_ABOUT_RETURN_TYPE = YES_ERROR;
				GCC_WARN_UNDECLARED_SELECTOR = YES;
				GCC_WARN_UNINITIALIZED_AUTOS = YES_AGGRESSIVE;
				GCC_WARN_UNUSED_FUNCTION = YES;
				GCC_WARN_UNUSED_VARIABLE = YES;
				IPHONEOS_DEPLOYMENT_TARGET = 11.2;
				MTL_ENABLE_DEBUG_INFO = YES;
				ONLY_ACTIVE_ARCH = YES;
				SDKROOT = iphoneos;
				SWIFT_ACTIVE_COMPILATION_CONDITIONS = DEBUG;
				SWIFT_OPTIMIZATION_LEVEL = "-Onone";
			};
			name = Debug;
		};
		B7E629B7206206090034BB75 /* Release */ = {
			isa = XCBuildConfiguration;
			buildSettings = {
				ALWAYS_SEARCH_USER_PATHS = NO;
				CLANG_ANALYZER_NONNULL = YES;
				CLANG_ANALYZER_NUMBER_OBJECT_CONVERSION = YES_AGGRESSIVE;
				CLANG_CXX_LANGUAGE_STANDARD = "gnu++14";
				CLANG_CXX_LIBRARY = "libc++";
				CLANG_ENABLE_MODULES = YES;
				CLANG_ENABLE_OBJC_ARC = YES;
				CLANG_WARN_BLOCK_CAPTURE_AUTORELEASING = YES;
				CLANG_WARN_BOOL_CONVERSION = YES;
				CLANG_WARN_COMMA = YES;
				CLANG_WARN_CONSTANT_CONVERSION = YES;
				CLANG_WARN_DIRECT_OBJC_ISA_USAGE = YES_ERROR;
				CLANG_WARN_DOCUMENTATION_COMMENTS = YES;
				CLANG_WARN_EMPTY_BODY = YES;
				CLANG_WARN_ENUM_CONVERSION = YES;
				CLANG_WARN_INFINITE_RECURSION = YES;
				CLANG_WARN_INT_CONVERSION = YES;
				CLANG_WARN_NON_LITERAL_NULL_CONVERSION = YES;
				CLANG_WARN_OBJC_LITERAL_CONVERSION = YES;
				CLANG_WARN_OBJC_ROOT_CLASS = YES_ERROR;
				CLANG_WARN_RANGE_LOOP_ANALYSIS = YES;
				CLANG_WARN_STRICT_PROTOTYPES = YES;
				CLANG_WARN_SUSPICIOUS_MOVE = YES;
				CLANG_WARN_UNGUARDED_AVAILABILITY = YES_AGGRESSIVE;
				CLANG_WARN_UNREACHABLE_CODE = YES;
				CLANG_WARN__DUPLICATE_METHOD_MATCH = YES;
				CODE_SIGN_IDENTITY = "iPhone Developer";
				COPY_PHASE_STRIP = NO;
				DEBUG_INFORMATION_FORMAT = "dwarf-with-dsym";
				ENABLE_NS_ASSERTIONS = NO;
				ENABLE_STRICT_OBJC_MSGSEND = YES;
				GCC_C_LANGUAGE_STANDARD = gnu11;
				GCC_NO_COMMON_BLOCKS = YES;
				GCC_WARN_64_TO_32_BIT_CONVERSION = YES;
				GCC_WARN_ABOUT_RETURN_TYPE = YES_ERROR;
				GCC_WARN_UNDECLARED_SELECTOR = YES;
				GCC_WARN_UNINITIALIZED_AUTOS = YES_AGGRESSIVE;
				GCC_WARN_UNUSED_FUNCTION = YES;
				GCC_WARN_UNUSED_VARIABLE = YES;
				IPHONEOS_DEPLOYMENT_TARGET = 11.2;
				MTL_ENABLE_DEBUG_INFO = NO;
				SDKROOT = iphoneos;
				SWIFT_OPTIMIZATION_LEVEL = "-Owholemodule";
				VALIDATE_PRODUCT = YES;
			};
			name = Release;
		};
		B7E629B9206206090034BB75 /* Debug */ = {
			isa = XCBuildConfiguration;
			buildSettings = {
				ASSETCATALOG_COMPILER_APPICON_NAME = AppIcon;
				CODE_SIGN_STYLE = Automatic;
				INFOPLIST_FILE = KindleApp/Info.plist;
				LD_RUNPATH_SEARCH_PATHS = "$(inherited) @executable_path/Frameworks";
				PRODUCT_BUNDLE_IDENTIFIER = net.irmablanco.KindleApp;
				PRODUCT_NAME = "$(TARGET_NAME)";
				SWIFT_VERSION = 4.0;
				TARGETED_DEVICE_FAMILY = "1,2";
			};
			name = Debug;
		};
		B7E629BA206206090034BB75 /* Release */ = {
			isa = XCBuildConfiguration;
			buildSettings = {
				ASSETCATALOG_COMPILER_APPICON_NAME = AppIcon;
				CODE_SIGN_STYLE = Automatic;
				INFOPLIST_FILE = KindleApp/Info.plist;
				LD_RUNPATH_SEARCH_PATHS = "$(inherited) @executable_path/Frameworks";
				PRODUCT_BUNDLE_IDENTIFIER = net.irmablanco.KindleApp;
				PRODUCT_NAME = "$(TARGET_NAME)";
				SWIFT_VERSION = 4.0;
				TARGETED_DEVICE_FAMILY = "1,2";
			};
			name = Release;
		};
/* End XCBuildConfiguration section */

/* Begin XCConfigurationList section */
		B7E629A1206206090034BB75 /* Build configuration list for PBXProject "KindleApp" */ = {
			isa = XCConfigurationList;
			buildConfigurations = (
				B7E629B6206206090034BB75 /* Debug */,
				B7E629B7206206090034BB75 /* Release */,
			);
			defaultConfigurationIsVisible = 0;
			defaultConfigurationName = Release;
		};
		B7E629B8206206090034BB75 /* Build configuration list for PBXNativeTarget "KindleApp" */ = {
			isa = XCConfigurationList;
			buildConfigurations = (
				B7E629B9206206090034BB75 /* Debug */,
				B7E629BA206206090034BB75 /* Release */,
			);
			defaultConfigurationIsVisible = 0;
			defaultConfigurationName = Release;
		};
/* End XCConfigurationList section */
	};
	rootObject = B7E6299E206206090034BB75 /* Project object */;
}
